
Microsoft Visual Studio Solution File, Format Version 12.00
# Visual Studio Version 17
VisualStudioVersion = 17.9.34714.143
MinimumVisualStudioVersion = 10.0.40219.1
Project("{8BC9CEB8-8B4A-11D0-8D11-00A0C91BC942}") = "Project2", "Project2.vcxproj", "{8E99265D-3978-45F1-9BEF-908B3A038469}"
EndProject
Global
	GlobalSection(SolutionConfigurationPlatforms) = preSolution
		Debug|x64 = Debug|x64
		Debug|x86 = Debug|x86
		Release|x64 = Release|x64
		Release|x86 = Release|x86
	EndGlobalSection
	GlobalSection(ProjectConfigurationPlatforms) = postSolution
		{8E99265D-3978-45F1-9BEF-908B3A038469}.Debug|x64.ActiveCfg = Debug|x64
		{8E99265D-3978-45F1-9BEF-908B3A038469}.Debug|x64.Build.0 = Debug|x64
		{8E99265D-3978-45F1-9BEF-908B3A038469}.Debug|x86.ActiveCfg = Debug|Win32
		{8E99265D-3978-45F1-9BEF-908B3A038469}.Debug|x86.Build.0 = Debug|Win32
		{8E99265D-3978-45F1-9BEF-908B3A038469}.Release|x64.ActiveCfg = Release|x64
		{8E99265D-3978-45F1-9BEF-908B3A038469}.Release|x64.Build.0 = Release|x64
		{8E99265D-3978-45F1-9BEF-908B3A038469}.Release|x86.ActiveCfg = Release|Win32
		{8E99265D-3978-45F1-9BEF-908B3A038469}.Release|x86.Build.0 = Release|Win32
	EndGlobalSection
	GlobalSection(SolutionProperties) = preSolution
		HideSolutionNode = FALSE
	EndGlobalSection
	GlobalSection(ExtensibilityGlobals) = postSolution
		SolutionGuid = {951E70BC-C284-4DBA-8725-D50D79198E4A}
	EndGlobalSection
EndGlobal
